// !$*UTF8*$!
{
	archiveVersion = 1;
	classes = {
	};
	objectVersion = 50;
	objects = {

/* Begin PBXBuildFile section */
		336CD66138F77DA75E592225 /* Pods_weibo.framework in Frameworks */ = {isa = PBXBuildFile; fileRef = E6792319D52B5BD0A4081F28 /* Pods_weibo.framework */; };
		8C11BF6E21EC428100F2E958 /* XGTabBarController.swift in Sources */ = {isa = PBXBuildFile; fileRef = 8C11BF6D21EC428100F2E958 /* XGTabBarController.swift */; };
		8C11BF7721EC4DA200F2E958 /* XGMineTableViewController.swift in Sources */ = {isa = PBXBuildFile; fileRef = 8C11BF7621EC4DA200F2E958 /* XGMineTableViewController.swift */; };
		8C11BF7A21EC4E6100F2E958 /* XGDiscoverTableViewController.swift in Sources */ = {isa = PBXBuildFile; fileRef = 8C11BF7921EC4E6100F2E958 /* XGDiscoverTableViewController.swift */; };
		8C11BF7D21EC4E6B00F2E958 /* XGMessageTableViewController.swift in Sources */ = {isa = PBXBuildFile; fileRef = 8C11BF7C21EC4E6B00F2E958 /* XGMessageTableViewController.swift */; };
		8C11BF8021EC4E7700F2E958 /* XGHomeTableViewController.swift in Sources */ = {isa = PBXBuildFile; fileRef = 8C11BF7F21EC4E7700F2E958 /* XGHomeTableViewController.swift */; };
		8C14346221FB39EF007ED7E9 /* XGPictureModel.swift in Sources */ = {isa = PBXBuildFile; fileRef = 8C14346121FB39EF007ED7E9 /* XGPictureModel.swift */; };
		8C14346421FB3C50007ED7E9 /* XGNormalStatusTableViewCell.swift in Sources */ = {isa = PBXBuildFile; fileRef = 8C14346321FB3C50007ED7E9 /* XGNormalStatusTableViewCell.swift */; };
		8C14346721FB3C95007ED7E9 /* XGStatusTopView.swift in Sources */ = {isa = PBXBuildFile; fileRef = 8C14346621FB3C95007ED7E9 /* XGStatusTopView.swift */; };
		8C14346A21FB459A007ED7E9 /* XGStatusViewModel.swift in Sources */ = {isa = PBXBuildFile; fileRef = 8C14346921FB459A007ED7E9 /* XGStatusViewModel.swift */; };
		8C14346C21FB56A0007ED7E9 /* XGUserModel.swift in Sources */ = {isa = PBXBuildFile; fileRef = 8C14346B21FB56A0007ED7E9 /* XGUserModel.swift */; };
		8C32A9CF2202AFD3008A1ECE /* XGComposeTypeView.swift in Sources */ = {isa = PBXBuildFile; fileRef = 8C32A9CE2202AFD3008A1ECE /* XGComposeTypeView.swift */; };
		8C32A9D12202B5F4008A1ECE /* XGComposeTypeViewToolBar.swift in Sources */ = {isa = PBXBuildFile; fileRef = 8C32A9D02202B5F4008A1ECE /* XGComposeTypeViewToolBar.swift */; };
		8C32A9D32202E763008A1ECE /* XGComposeTypeButton.swift in Sources */ = {isa = PBXBuildFile; fileRef = 8C32A9D22202E763008A1ECE /* XGComposeTypeButton.swift */; };
		8C32A9D52202F4CA008A1ECE /* Bundle+Extension.swift in Sources */ = {isa = PBXBuildFile; fileRef = 8C32A9D42202F4CA008A1ECE /* Bundle+Extension.swift */; };
		8C32A9D722032248008A1ECE /* XGComposeViewController.swift in Sources */ = {isa = PBXBuildFile; fileRef = 8C32A9D622032248008A1ECE /* XGComposeViewController.swift */; };
		8C3DB17621F58516007590CF /* XGStatusModel.swift in Sources */ = {isa = PBXBuildFile; fileRef = 8C3DB17521F58516007590CF /* XGStatusModel.swift */; };
		8C46F44021EDC1460071281F /* XGNavigationController.swift in Sources */ = {isa = PBXBuildFile; fileRef = 8C46F43F21EDC1460071281F /* XGNavigationController.swift */; };
		8C51F8A521EB74CA0015FC0C /* AppDelegate.swift in Sources */ = {isa = PBXBuildFile; fileRef = 8C51F8A421EB74CA0015FC0C /* AppDelegate.swift */; };
		8C51F8AC21EB74CB0015FC0C /* Assets.xcassets in Resources */ = {isa = PBXBuildFile; fileRef = 8C51F8AB21EB74CB0015FC0C /* Assets.xcassets */; };
		8C5754E121F9C1D800938F1B /* UIColor+Extension.swift in Sources */ = {isa = PBXBuildFile; fileRef = 8C5754E021F9C1D800938F1B /* UIColor+Extension.swift */; };
		8C5754E321F9C81E00938F1B /* test.xib in Resources */ = {isa = PBXBuildFile; fileRef = 8C5754E221F9C81E00938F1B /* test.xib */; };
		8C6FA4D821F8407400D3DD4F /* XGWelcomeViewController.swift in Sources */ = {isa = PBXBuildFile; fileRef = 8C6FA4D721F8407400D3DD4F /* XGWelcomeViewController.swift */; };
		8C6FA4DA21F843C000D3DD4F /* UIImageView+Extension.swift in Sources */ = {isa = PBXBuildFile; fileRef = 8C6FA4D921F843C000D3DD4F /* UIImageView+Extension.swift */; };
		8C8E832221F45F5D004F5CD8 /* XGAccountModel.swift in Sources */ = {isa = PBXBuildFile; fileRef = 8C8E832121F45F5D004F5CD8 /* XGAccountModel.swift */; };
		8C8E832621F4A6F7004F5CD8 /* XGAccountViewModel.swift in Sources */ = {isa = PBXBuildFile; fileRef = 8C8E832521F4A6F7004F5CD8 /* XGAccountViewModel.swift */; };
		8C8E832921F4B9ED004F5CD8 /* XGNewFeatureViewController.swift in Sources */ = {isa = PBXBuildFile; fileRef = 8C8E832821F4B9ED004F5CD8 /* XGNewFeatureViewController.swift */; };
		8C9686E321FC11EF005E7289 /* XGStatusBottomView.swift in Sources */ = {isa = PBXBuildFile; fileRef = 8C9686E221FC11EF005E7289 /* XGStatusBottomView.swift */; };
		8C9686F821FC26E2005E7289 /* XGStatusPicturesView.swift in Sources */ = {isa = PBXBuildFile; fileRef = 8C9686F721FC26E2005E7289 /* XGStatusPicturesView.swift */; };
		8C9BEF3C21F2247300390BB0 /* XGNetworkManager.swift in Sources */ = {isa = PBXBuildFile; fileRef = 8C9BEF3B21F2247300390BB0 /* XGNetworkManager.swift */; };
		8CA1B7CD2201707B008BFAB1 /* XGRefreshHeader.swift in Sources */ = {isa = PBXBuildFile; fileRef = 8CA1B7CC2201707B008BFAB1 /* XGRefreshHeader.swift */; };
		8CA6E6972204008C00A29513 /* XGEmotionModel.swift in Sources */ = {isa = PBXBuildFile; fileRef = 8CA6E6962204008C00A29513 /* XGEmotionModel.swift */; };
		8CA6E699220402F900A29513 /* XGEmotionsListViewModel.swift in Sources */ = {isa = PBXBuildFile; fileRef = 8CA6E698220402F900A29513 /* XGEmotionsListViewModel.swift */; };
		8CA6E69D2204111B00A29513 /* XGEmotionGroupModel.swift in Sources */ = {isa = PBXBuildFile; fileRef = 8CA6E69C2204111B00A29513 /* XGEmotionGroupModel.swift */; };
		8CC26CA121EF65AA00A9E074 /* XGVisitorViewController.swift in Sources */ = {isa = PBXBuildFile; fileRef = 8CC26CA021EF65AA00A9E074 /* XGVisitorViewController.swift */; };
		8CC26CA321EF65C000A9E074 /* XGVisitorView.swift in Sources */ = {isa = PBXBuildFile; fileRef = 8CC26CA221EF65C000A9E074 /* XGVisitorView.swift */; };
		8CC26CA521EF669000A9E074 /* UILabel+Extension.swift in Sources */ = {isa = PBXBuildFile; fileRef = 8CC26CA421EF669000A9E074 /* UILabel+Extension.swift */; };
		8CC26CA721EF712800A9E074 /* UIImage+Extension.swift in Sources */ = {isa = PBXBuildFile; fileRef = 8CC26CA621EF712800A9E074 /* UIImage+Extension.swift */; };
		8CCAB9CD21F3134300A7FC70 /* XGLoginViewController.swift in Sources */ = {isa = PBXBuildFile; fileRef = 8CCAB9CC21F3134300A7FC70 /* XGLoginViewController.swift */; };
		8CCAB9D021F3191900A7FC70 /* XGAdvertisementViewController.swift in Sources */ = {isa = PBXBuildFile; fileRef = 8CCAB9CF21F3191900A7FC70 /* XGAdvertisementViewController.swift */; };
		8CCAB9D221F3194200A7FC70 /* XGDataManager.swift in Sources */ = {isa = PBXBuildFile; fileRef = 8CCAB9D121F3194200A7FC70 /* XGDataManager.swift */; };
		8CCAB9D821F31BE700A7FC70 /* XGAdvertisementModel.swift in Sources */ = {isa = PBXBuildFile; fileRef = 8CCAB9D721F31BE700A7FC70 /* XGAdvertisementModel.swift */; };
		8CCAB9DB21F3372900A7FC70 /* XGAdvertisementViewModel.swift in Sources */ = {isa = PBXBuildFile; fileRef = 8CCAB9DA21F3372900A7FC70 /* XGAdvertisementViewModel.swift */; };
		8CD8486F21FD8BEC00EC027E /* XGStatusTableViewCell.swift in Sources */ = {isa = PBXBuildFile; fileRef = 8CD8486E21FD8BEC00EC027E /* XGStatusTableViewCell.swift */; };
		8CD8487221FD8FCB00EC027E /* XGRetweetStatusTableViewCell.swift in Sources */ = {isa = PBXBuildFile; fileRef = 8CD8487121FD8FCB00EC027E /* XGRetweetStatusTableViewCell.swift */; };
		8CF43FBF21EC91F10008B868 /* UIView+Extension.swift in Sources */ = {isa = PBXBuildFile; fileRef = 8CF43FBE21EC91F10008B868 /* UIView+Extension.swift */; };
		8CF43FC121EC96A10008B868 /* UIButton+Extension.swift in Sources */ = {isa = PBXBuildFile; fileRef = 8CF43FC021EC96A10008B868 /* UIButton+Extension.swift */; };
		8CF43FC421EC9ECE0008B868 /* Common.swift in Sources */ = {isa = PBXBuildFile; fileRef = 8CF43FC321EC9ECE0008B868 /* Common.swift */; };
		8CFAE97D21FEBA6C00FAA2A1 /* XGStatusListViewModel.swift in Sources */ = {isa = PBXBuildFile; fileRef = 8CFAE97C21FEBA6C00FAA2A1 /* XGStatusListViewModel.swift */; };
/* End PBXBuildFile section */

/* Begin PBXFileReference section */
		69E3567696EA90B0465C6A0B /* Pods-weibo.debug.xcconfig */ = {isa = PBXFileReference; includeInIndex = 1; lastKnownFileType = text.xcconfig; name = "Pods-weibo.debug.xcconfig"; path = "Pods/Target Support Files/Pods-weibo/Pods-weibo.debug.xcconfig"; sourceTree = "<group>"; };
		8C11BF6D21EC428100F2E958 /* XGTabBarController.swift */ = {isa = PBXFileReference; lastKnownFileType = sourcecode.swift; path = XGTabBarController.swift; sourceTree = "<group>"; };
		8C11BF7621EC4DA200F2E958 /* XGMineTableViewController.swift */ = {isa = PBXFileReference; lastKnownFileType = sourcecode.swift; path = XGMineTableViewController.swift; sourceTree = "<group>"; };
		8C11BF7921EC4E6100F2E958 /* XGDiscoverTableViewController.swift */ = {isa = PBXFileReference; lastKnownFileType = sourcecode.swift; path = XGDiscoverTableViewController.swift; sourceTree = "<group>"; };
		8C11BF7C21EC4E6B00F2E958 /* XGMessageTableViewController.swift */ = {isa = PBXFileReference; lastKnownFileType = sourcecode.swift; path = XGMessageTableViewController.swift; sourceTree = "<group>"; };
		8C11BF7F21EC4E7700F2E958 /* XGHomeTableViewController.swift */ = {isa = PBXFileReference; lastKnownFileType = sourcecode.swift; path = XGHomeTableViewController.swift; sourceTree = "<group>"; };
		8C14346121FB39EF007ED7E9 /* XGPictureModel.swift */ = {isa = PBXFileReference; lastKnownFileType = sourcecode.swift; path = XGPictureModel.swift; sourceTree = "<group>"; };
		8C14346321FB3C50007ED7E9 /* XGNormalStatusTableViewCell.swift */ = {isa = PBXFileReference; lastKnownFileType = sourcecode.swift; path = XGNormalStatusTableViewCell.swift; sourceTree = "<group>"; };
		8C14346621FB3C95007ED7E9 /* XGStatusTopView.swift */ = {isa = PBXFileReference; lastKnownFileType = sourcecode.swift; path = XGStatusTopView.swift; sourceTree = "<group>"; };
		8C14346921FB459A007ED7E9 /* XGStatusViewModel.swift */ = {isa = PBXFileReference; lastKnownFileType = sourcecode.swift; path = XGStatusViewModel.swift; sourceTree = "<group>"; };
		8C14346B21FB56A0007ED7E9 /* XGUserModel.swift */ = {isa = PBXFileReference; lastKnownFileType = sourcecode.swift; path = XGUserModel.swift; sourceTree = "<group>"; };
		8C32A9CE2202AFD3008A1ECE /* XGComposeTypeView.swift */ = {isa = PBXFileReference; lastKnownFileType = sourcecode.swift; path = XGComposeTypeView.swift; sourceTree = "<group>"; };
		8C32A9D02202B5F4008A1ECE /* XGComposeTypeViewToolBar.swift */ = {isa = PBXFileReference; lastKnownFileType = sourcecode.swift; path = XGComposeTypeViewToolBar.swift; sourceTree = "<group>"; };
		8C32A9D22202E763008A1ECE /* XGComposeTypeButton.swift */ = {isa = PBXFileReference; lastKnownFileType = sourcecode.swift; path = XGComposeTypeButton.swift; sourceTree = "<group>"; };
		8C32A9D42202F4CA008A1ECE /* Bundle+Extension.swift */ = {isa = PBXFileReference; lastKnownFileType = sourcecode.swift; path = "Bundle+Extension.swift"; sourceTree = "<group>"; };
		8C32A9D622032248008A1ECE /* XGComposeViewController.swift */ = {isa = PBXFileReference; lastKnownFileType = sourcecode.swift; path = XGComposeViewController.swift; sourceTree = "<group>"; };
		8C3DB17521F58516007590CF /* XGStatusModel.swift */ = {isa = PBXFileReference; lastKnownFileType = sourcecode.swift; path = XGStatusModel.swift; sourceTree = "<group>"; };
		8C46F43F21EDC1460071281F /* XGNavigationController.swift */ = {isa = PBXFileReference; lastKnownFileType = sourcecode.swift; path = XGNavigationController.swift; sourceTree = "<group>"; };
		8C51F8A121EB74CA0015FC0C /* weibo.app */ = {isa = PBXFileReference; explicitFileType = wrapper.application; includeInIndex = 0; path = weibo.app; sourceTree = BUILT_PRODUCTS_DIR; };
		8C51F8A421EB74CA0015FC0C /* AppDelegate.swift */ = {isa = PBXFileReference; lastKnownFileType = sourcecode.swift; path = AppDelegate.swift; sourceTree = "<group>"; };
		8C51F8AB21EB74CB0015FC0C /* Assets.xcassets */ = {isa = PBXFileReference; lastKnownFileType = folder.assetcatalog; path = Assets.xcassets; sourceTree = "<group>"; };
		8C51F8B021EB74CB0015FC0C /* Info.plist */ = {isa = PBXFileReference; lastKnownFileType = text.plist.xml; path = Info.plist; sourceTree = "<group>"; };
		8C5754E021F9C1D800938F1B /* UIColor+Extension.swift */ = {isa = PBXFileReference; lastKnownFileType = sourcecode.swift; path = "UIColor+Extension.swift"; sourceTree = "<group>"; };
		8C5754E221F9C81E00938F1B /* test.xib */ = {isa = PBXFileReference; lastKnownFileType = file.xib; path = test.xib; sourceTree = "<group>"; };
		8C6FA4D721F8407400D3DD4F /* XGWelcomeViewController.swift */ = {isa = PBXFileReference; lastKnownFileType = sourcecode.swift; path = XGWelcomeViewController.swift; sourceTree = "<group>"; };
		8C6FA4D921F843C000D3DD4F /* UIImageView+Extension.swift */ = {isa = PBXFileReference; lastKnownFileType = sourcecode.swift; path = "UIImageView+Extension.swift"; sourceTree = "<group>"; };
		8C8E832121F45F5D004F5CD8 /* XGAccountModel.swift */ = {isa = PBXFileReference; lastKnownFileType = sourcecode.swift; path = XGAccountModel.swift; sourceTree = "<group>"; };
		8C8E832521F4A6F7004F5CD8 /* XGAccountViewModel.swift */ = {isa = PBXFileReference; lastKnownFileType = sourcecode.swift; path = XGAccountViewModel.swift; sourceTree = "<group>"; };
		8C8E832821F4B9ED004F5CD8 /* XGNewFeatureViewController.swift */ = {isa = PBXFileReference; lastKnownFileType = sourcecode.swift; path = XGNewFeatureViewController.swift; sourceTree = "<group>"; };
		8C9686E221FC11EF005E7289 /* XGStatusBottomView.swift */ = {isa = PBXFileReference; lastKnownFileType = sourcecode.swift; path = XGStatusBottomView.swift; sourceTree = "<group>"; };
		8C9686F721FC26E2005E7289 /* XGStatusPicturesView.swift */ = {isa = PBXFileReference; lastKnownFileType = sourcecode.swift; path = XGStatusPicturesView.swift; sourceTree = "<group>"; };
		8C9BEF3B21F2247300390BB0 /* XGNetworkManager.swift */ = {isa = PBXFileReference; lastKnownFileType = sourcecode.swift; path = XGNetworkManager.swift; sourceTree = "<group>"; };
		8CA1B7CC2201707B008BFAB1 /* XGRefreshHeader.swift */ = {isa = PBXFileReference; fileEncoding = 4; lastKnownFileType = sourcecode.swift; path = XGRefreshHeader.swift; sourceTree = "<group>"; };
		8CA6E6962204008C00A29513 /* XGEmotionModel.swift */ = {isa = PBXFileReference; lastKnownFileType = sourcecode.swift; path = XGEmotionModel.swift; sourceTree = "<group>"; };
		8CA6E698220402F900A29513 /* XGEmotionsListViewModel.swift */ = {isa = PBXFileReference; lastKnownFileType = sourcecode.swift; path = XGEmotionsListViewModel.swift; sourceTree = "<group>"; };
		8CA6E69C2204111B00A29513 /* XGEmotionGroupModel.swift */ = {isa = PBXFileReference; lastKnownFileType = sourcecode.swift; path = XGEmotionGroupModel.swift; sourceTree = "<group>"; };
		8CC26CA021EF65AA00A9E074 /* XGVisitorViewController.swift */ = {isa = PBXFileReference; lastKnownFileType = sourcecode.swift; path = XGVisitorViewController.swift; sourceTree = "<group>"; };
		8CC26CA221EF65C000A9E074 /* XGVisitorView.swift */ = {isa = PBXFileReference; lastKnownFileType = sourcecode.swift; path = XGVisitorView.swift; sourceTree = "<group>"; };
		8CC26CA421EF669000A9E074 /* UILabel+Extension.swift */ = {isa = PBXFileReference; lastKnownFileType = sourcecode.swift; path = "UILabel+Extension.swift"; sourceTree = "<group>"; };
		8CC26CA621EF712800A9E074 /* UIImage+Extension.swift */ = {isa = PBXFileReference; lastKnownFileType = sourcecode.swift; path = "UIImage+Extension.swift"; sourceTree = "<group>"; };
		8CCAB9CC21F3134300A7FC70 /* XGLoginViewController.swift */ = {isa = PBXFileReference; lastKnownFileType = sourcecode.swift; path = XGLoginViewController.swift; sourceTree = "<group>"; };
		8CCAB9CF21F3191900A7FC70 /* XGAdvertisementViewController.swift */ = {isa = PBXFileReference; lastKnownFileType = sourcecode.swift; path = XGAdvertisementViewController.swift; sourceTree = "<group>"; };
		8CCAB9D121F3194200A7FC70 /* XGDataManager.swift */ = {isa = PBXFileReference; lastKnownFileType = sourcecode.swift; path = XGDataManager.swift; sourceTree = "<group>"; };
		8CCAB9D721F31BE700A7FC70 /* XGAdvertisementModel.swift */ = {isa = PBXFileReference; lastKnownFileType = sourcecode.swift; path = XGAdvertisementModel.swift; sourceTree = "<group>"; };
		8CCAB9DA21F3372900A7FC70 /* XGAdvertisementViewModel.swift */ = {isa = PBXFileReference; lastKnownFileType = sourcecode.swift; path = XGAdvertisementViewModel.swift; sourceTree = "<group>"; };
		8CD8486E21FD8BEC00EC027E /* XGStatusTableViewCell.swift */ = {isa = PBXFileReference; lastKnownFileType = sourcecode.swift; path = XGStatusTableViewCell.swift; sourceTree = "<group>"; };
		8CD8487121FD8FCB00EC027E /* XGRetweetStatusTableViewCell.swift */ = {isa = PBXFileReference; lastKnownFileType = sourcecode.swift; path = XGRetweetStatusTableViewCell.swift; sourceTree = "<group>"; };
		8CF43FBE21EC91F10008B868 /* UIView+Extension.swift */ = {isa = PBXFileReference; lastKnownFileType = sourcecode.swift; path = "UIView+Extension.swift"; sourceTree = "<group>"; };
		8CF43FC021EC96A10008B868 /* UIButton+Extension.swift */ = {isa = PBXFileReference; lastKnownFileType = sourcecode.swift; path = "UIButton+Extension.swift"; sourceTree = "<group>"; };
		8CF43FC321EC9ECE0008B868 /* Common.swift */ = {isa = PBXFileReference; lastKnownFileType = sourcecode.swift; path = Common.swift; sourceTree = "<group>"; };
		8CFAE97C21FEBA6C00FAA2A1 /* XGStatusListViewModel.swift */ = {isa = PBXFileReference; lastKnownFileType = sourcecode.swift; path = XGStatusListViewModel.swift; sourceTree = "<group>"; };
		BAFD46C9B95B61530AFD5263 /* Pods-weibo.release.xcconfig */ = {isa = PBXFileReference; includeInIndex = 1; lastKnownFileType = text.xcconfig; name = "Pods-weibo.release.xcconfig"; path = "Pods/Target Support Files/Pods-weibo/Pods-weibo.release.xcconfig"; sourceTree = "<group>"; };
		E6792319D52B5BD0A4081F28 /* Pods_weibo.framework */ = {isa = PBXFileReference; explicitFileType = wrapper.framework; includeInIndex = 0; path = Pods_weibo.framework; sourceTree = BUILT_PRODUCTS_DIR; };
/* End PBXFileReference section */

/* Begin PBXFrameworksBuildPhase section */
		8C51F89E21EB74C90015FC0C /* Frameworks */ = {
			isa = PBXFrameworksBuildPhase;
			buildActionMask = 2147483647;
			files = (
				336CD66138F77DA75E592225 /* Pods_weibo.framework in Frameworks */,
			);
			runOnlyForDeploymentPostprocessing = 0;
		};
/* End PBXFrameworksBuildPhase section */

/* Begin PBXGroup section */
		0E0010F6838865BCE4A8BBCB /* Pods */ = {
			isa = PBXGroup;
			children = (
				69E3567696EA90B0465C6A0B /* Pods-weibo.debug.xcconfig */,
				BAFD46C9B95B61530AFD5263 /* Pods-weibo.release.xcconfig */,
			);
			name = Pods;
			sourceTree = "<group>";
		};
		75BDE277265971AE6B637F2E /* Frameworks */ = {
			isa = PBXGroup;
			children = (
				E6792319D52B5BD0A4081F28 /* Pods_weibo.framework */,
			);
			name = Frameworks;
			sourceTree = "<group>";
		};
		8C11BF6821EC422400F2E958 /* Supporting Files */ = {
			isa = PBXGroup;
			children = (
				8C51F8AB21EB74CB0015FC0C /* Assets.xcassets */,
				8C51F8B021EB74CB0015FC0C /* Info.plist */,
			);
			path = "Supporting Files";
			sourceTree = "<group>";
		};
		8C11BF6921EC422600F2E958 /* Classes */ = {
			isa = PBXGroup;
			children = (
				8C32A9CC2202AD1D008A1ECE /* Compose */,
				8C11BF7421EC4D6400F2E958 /* Mine */,
				8C11BF7321EC4D4600F2E958 /* Discover */,
				8C11BF7221EC4D4000F2E958 /* Message */,
				8C11BF7121EC4D3900F2E958 /* Home */,
				8C11BF6F21EC428F00F2E958 /* Other */,
				8C11BF6B21EC423B00F2E958 /* Main */,
			);
			path = Classes;
			sourceTree = "<group>";
		};
		8C11BF6B21EC423B00F2E958 /* Main */ = {
			isa = PBXGroup;
			children = (
				8C6FA4D621F8405800D3DD4F /* Welcome */,
				8C8E832721F4B9D9004F5CD8 /* NewFeature */,
				8CCAB9C921F3131A00A7FC70 /* Visitor */,
				8CCAB9CA21F3132500A7FC70 /* Main */,
				8CCAB9CB21F3133100A7FC70 /* Login */,
				8CCAB9D421F31BC000A7FC70 /* Advertisement */,
			);
			path = Main;
			sourceTree = "<group>";
		};
		8C11BF6F21EC428F00F2E958 /* Other */ = {
			isa = PBXGroup;
			children = (
				8C9BEF3A21F2245300390BB0 /* Network */,
				8CF43FC221EC9EC50008B868 /* Common */,
				8C11BF7021EC429700F2E958 /* Extension */,
			);
			path = Other;
			sourceTree = "<group>";
		};
		8C11BF7021EC429700F2E958 /* Extension */ = {
			isa = PBXGroup;
			children = (
				8CF43FBE21EC91F10008B868 /* UIView+Extension.swift */,
				8CF43FC021EC96A10008B868 /* UIButton+Extension.swift */,
				8CC26CA421EF669000A9E074 /* UILabel+Extension.swift */,
				8CC26CA621EF712800A9E074 /* UIImage+Extension.swift */,
				8C6FA4D921F843C000D3DD4F /* UIImageView+Extension.swift */,
				8C5754E021F9C1D800938F1B /* UIColor+Extension.swift */,
				8C32A9D42202F4CA008A1ECE /* Bundle+Extension.swift */,
			);
			path = Extension;
			sourceTree = "<group>";
		};
		8C11BF7121EC4D3900F2E958 /* Home */ = {
			isa = PBXGroup;
			children = (
				8C14346821FB4585007ED7E9 /* ViewModel */,
				8C3DB17421F58507007590CF /* Model */,
				8C11BF7E21EC4E7000F2E958 /* View */,
			);
			path = Home;
			sourceTree = "<group>";
		};
		8C11BF7221EC4D4000F2E958 /* Message */ = {
			isa = PBXGroup;
			children = (
				8C11BF7B21EC4E6400F2E958 /* View */,
			);
			path = Message;
			sourceTree = "<group>";
		};
		8C11BF7321EC4D4600F2E958 /* Discover */ = {
			isa = PBXGroup;
			children = (
				8C11BF7821EC4DA500F2E958 /* View */,
			);
			path = Discover;
			sourceTree = "<group>";
		};
		8C11BF7421EC4D6400F2E958 /* Mine */ = {
			isa = PBXGroup;
			children = (
				8C11BF7521EC4D6E00F2E958 /* View */,
			);
			path = Mine;
			sourceTree = "<group>";
		};
		8C11BF7521EC4D6E00F2E958 /* View */ = {
			isa = PBXGroup;
			children = (
				8C11BF7621EC4DA200F2E958 /* XGMineTableViewController.swift */,
			);
			path = View;
			sourceTree = "<group>";
		};
		8C11BF7821EC4DA500F2E958 /* View */ = {
			isa = PBXGroup;
			children = (
				8C11BF7921EC4E6100F2E958 /* XGDiscoverTableViewController.swift */,
			);
			path = View;
			sourceTree = "<group>";
		};
		8C11BF7B21EC4E6400F2E958 /* View */ = {
			isa = PBXGroup;
			children = (
				8C11BF7C21EC4E6B00F2E958 /* XGMessageTableViewController.swift */,
			);
			path = View;
			sourceTree = "<group>";
		};
		8C11BF7E21EC4E7000F2E958 /* View */ = {
			isa = PBXGroup;
			children = (
				8CA1B7CB2201707B008BFAB1 /* Refresh */,
				8CD8486D21FD8BC400EC027E /* StatusCell */,
				8C14346521FB3C56007ED7E9 /* NormalCell */,
				8CD8487021FD8FAE00EC027E /* RetweetCell */,
				8C11BF7F21EC4E7700F2E958 /* XGHomeTableViewController.swift */,
			);
			path = View;
			sourceTree = "<group>";
		};
		8C14346521FB3C56007ED7E9 /* NormalCell */ = {
			isa = PBXGroup;
			children = (
				8C14346321FB3C50007ED7E9 /* XGNormalStatusTableViewCell.swift */,
			);
			path = NormalCell;
			sourceTree = "<group>";
		};
		8C14346821FB4585007ED7E9 /* ViewModel */ = {
			isa = PBXGroup;
			children = (
				8CFAE97C21FEBA6C00FAA2A1 /* XGStatusListViewModel.swift */,
				8C14346921FB459A007ED7E9 /* XGStatusViewModel.swift */,
			);
			path = ViewModel;
			sourceTree = "<group>";
		};
		8C32A9CC2202AD1D008A1ECE /* Compose */ = {
			isa = PBXGroup;
			children = (
				8CA6E69A220404E500A29513 /* ViewModel */,
				8CA6E6952204006C00A29513 /* Model */,
				8C32A9CD2202AF7C008A1ECE /* View */,
			);
			path = Compose;
			sourceTree = "<group>";
		};
		8C32A9CD2202AF7C008A1ECE /* View */ = {
			isa = PBXGroup;
			children = (
				8C32A9CE2202AFD3008A1ECE /* XGComposeTypeView.swift */,
				8C32A9D02202B5F4008A1ECE /* XGComposeTypeViewToolBar.swift */,
				8C32A9D22202E763008A1ECE /* XGComposeTypeButton.swift */,
				8C32A9D622032248008A1ECE /* XGComposeViewController.swift */,
			);
			path = View;
			sourceTree = "<group>";
		};
		8C3DB17421F58507007590CF /* Model */ = {
			isa = PBXGroup;
			children = (
				8C14346121FB39EF007ED7E9 /* XGPictureModel.swift */,
				8C14346B21FB56A0007ED7E9 /* XGUserModel.swift */,
				8C3DB17521F58516007590CF /* XGStatusModel.swift */,
			);
			path = Model;
			sourceTree = "<group>";
		};
		8C51F89821EB74C90015FC0C = {
			isa = PBXGroup;
			children = (
				8C51F8A321EB74CA0015FC0C /* weibo */,
				8C51F8A221EB74CA0015FC0C /* Products */,
				0E0010F6838865BCE4A8BBCB /* Pods */,
				75BDE277265971AE6B637F2E /* Frameworks */,
			);
			sourceTree = "<group>";
		};
		8C51F8A221EB74CA0015FC0C /* Products */ = {
			isa = PBXGroup;
			children = (
				8C51F8A121EB74CA0015FC0C /* weibo.app */,
			);
			name = Products;
			sourceTree = "<group>";
		};
		8C51F8A321EB74CA0015FC0C /* weibo */ = {
			isa = PBXGroup;
			children = (
				8C11BF6921EC422600F2E958 /* Classes */,
				8C11BF6821EC422400F2E958 /* Supporting Files */,
				8C51F8A421EB74CA0015FC0C /* AppDelegate.swift */,
			);
			path = weibo;
			sourceTree = "<group>";
		};
		8C6FA4D621F8405800D3DD4F /* Welcome */ = {
			isa = PBXGroup;
			children = (
				8C6FA4D721F8407400D3DD4F /* XGWelcomeViewController.swift */,
			);
			path = Welcome;
			sourceTree = "<group>";
		};
		8C8E832021F45F41004F5CD8 /* View */ = {
			isa = PBXGroup;
			children = (
				8CCAB9CC21F3134300A7FC70 /* XGLoginViewController.swift */,
			);
			path = View;
			sourceTree = "<group>";
		};
		8C8E832321F45F66004F5CD8 /* Model */ = {
			isa = PBXGroup;
			children = (
				8C8E832121F45F5D004F5CD8 /* XGAccountModel.swift */,
			);
			path = Model;
			sourceTree = "<group>";
		};
		8C8E832421F4A6E4004F5CD8 /* ViewModel */ = {
			isa = PBXGroup;
			children = (
				8C8E832521F4A6F7004F5CD8 /* XGAccountViewModel.swift */,
			);
			path = ViewModel;
			sourceTree = "<group>";
		};
		8C8E832721F4B9D9004F5CD8 /* NewFeature */ = {
			isa = PBXGroup;
			children = (
				8C8E832821F4B9ED004F5CD8 /* XGNewFeatureViewController.swift */,
			);
			path = NewFeature;
			sourceTree = "<group>";
		};
		8C9BEF3A21F2245300390BB0 /* Network */ = {
			isa = PBXGroup;
			children = (
				8C9BEF3B21F2247300390BB0 /* XGNetworkManager.swift */,
				8CCAB9D121F3194200A7FC70 /* XGDataManager.swift */,
			);
			path = Network;
			sourceTree = "<group>";
		};
		8CA1B7CB2201707B008BFAB1 /* Refresh */ = {
			isa = PBXGroup;
			children = (
				8CA1B7CC2201707B008BFAB1 /* XGRefreshHeader.swift */,
			);
			path = Refresh;
			sourceTree = "<group>";
		};
		8CA6E6952204006C00A29513 /* Model */ = {
			isa = PBXGroup;
			children = (
				8CA6E6962204008C00A29513 /* XGEmotionModel.swift */,
				8CA6E69C2204111B00A29513 /* XGEmotionGroupModel.swift */,
			);
			path = Model;
			sourceTree = "<group>";
		};
		8CA6E69A220404E500A29513 /* ViewModel */ = {
			isa = PBXGroup;
			children = (
				8CA6E698220402F900A29513 /* XGEmotionsListViewModel.swift */,
			);
			path = ViewModel;
			sourceTree = "<group>";
		};
		8CCAB9C921F3131A00A7FC70 /* Visitor */ = {
			isa = PBXGroup;
			children = (
				8CC26CA021EF65AA00A9E074 /* XGVisitorViewController.swift */,
				8CC26CA221EF65C000A9E074 /* XGVisitorView.swift */,
			);
			path = Visitor;
			sourceTree = "<group>";
		};
		8CCAB9CA21F3132500A7FC70 /* Main */ = {
			isa = PBXGroup;
			children = (
				8C11BF6D21EC428100F2E958 /* XGTabBarController.swift */,
				8C46F43F21EDC1460071281F /* XGNavigationController.swift */,
				8C5754E221F9C81E00938F1B /* test.xib */,
			);
			path = Main;
			sourceTree = "<group>";
		};
		8CCAB9CB21F3133100A7FC70 /* Login */ = {
			isa = PBXGroup;
			children = (
				8C8E832421F4A6E4004F5CD8 /* ViewModel */,
				8C8E832321F45F66004F5CD8 /* Model */,
				8C8E832021F45F41004F5CD8 /* View */,
			);
			path = Login;
			sourceTree = "<group>";
		};
		8CCAB9D421F31BC000A7FC70 /* Advertisement */ = {
			isa = PBXGroup;
			children = (
				8CCAB9D921F336FD00A7FC70 /* ViewModel */,
				8CCAB9D621F31BCD00A7FC70 /* Model */,
				8CCAB9D521F31BC800A7FC70 /* View */,
			);
			path = Advertisement;
			sourceTree = "<group>";
		};
		8CCAB9D521F31BC800A7FC70 /* View */ = {
			isa = PBXGroup;
			children = (
				8CCAB9CF21F3191900A7FC70 /* XGAdvertisementViewController.swift */,
			);
			path = View;
			sourceTree = "<group>";
		};
		8CCAB9D621F31BCD00A7FC70 /* Model */ = {
			isa = PBXGroup;
			children = (
				8CCAB9D721F31BE700A7FC70 /* XGAdvertisementModel.swift */,
			);
			path = Model;
			sourceTree = "<group>";
		};
		8CCAB9D921F336FD00A7FC70 /* ViewModel */ = {
			isa = PBXGroup;
			children = (
				8CCAB9DA21F3372900A7FC70 /* XGAdvertisementViewModel.swift */,
			);
			path = ViewModel;
			sourceTree = "<group>";
		};
		8CD8486D21FD8BC400EC027E /* StatusCell */ = {
			isa = PBXGroup;
			children = (
				8C14346621FB3C95007ED7E9 /* XGStatusTopView.swift */,
				8C9686F721FC26E2005E7289 /* XGStatusPicturesView.swift */,
				8C9686E221FC11EF005E7289 /* XGStatusBottomView.swift */,
				8CD8486E21FD8BEC00EC027E /* XGStatusTableViewCell.swift */,
			);
			path = StatusCell;
			sourceTree = "<group>";
		};
		8CD8487021FD8FAE00EC027E /* RetweetCell */ = {
			isa = PBXGroup;
			children = (
				8CD8487121FD8FCB00EC027E /* XGRetweetStatusTableViewCell.swift */,
			);
			path = RetweetCell;
			sourceTree = "<group>";
		};
		8CF43FC221EC9EC50008B868 /* Common */ = {
			isa = PBXGroup;
			children = (
				8CF43FC321EC9ECE0008B868 /* Common.swift */,
			);
			path = Common;
			sourceTree = "<group>";
		};
/* End PBXGroup section */

/* Begin PBXNativeTarget section */
		8C51F8A021EB74C90015FC0C /* weibo */ = {
			isa = PBXNativeTarget;
			buildConfigurationList = 8C51F8B321EB74CB0015FC0C /* Build configuration list for PBXNativeTarget "weibo" */;
			buildPhases = (
				4BB515112EF12C3428A3B4CF /* [CP] Check Pods Manifest.lock */,
				8C51F89D21EB74C90015FC0C /* Sources */,
				8C51F89E21EB74C90015FC0C /* Frameworks */,
				8C51F89F21EB74C90015FC0C /* Resources */,
				F913BBAC36B021DA86FA12B6 /* [CP] Embed Pods Frameworks */,
			);
			buildRules = (
			);
			dependencies = (
			);
			name = weibo;
			productName = weibo;
			productReference = 8C51F8A121EB74CA0015FC0C /* weibo.app */;
			productType = "com.apple.product-type.application";
		};
/* End PBXNativeTarget section */

/* Begin PBXProject section */
		8C51F89921EB74C90015FC0C /* Project object */ = {
			isa = PBXProject;
			attributes = {
				CLASSPREFIX = XG;
				LastSwiftUpdateCheck = 1000;
				LastUpgradeCheck = 1000;
				ORGANIZATIONNAME = itcast;
				TargetAttributes = {
					8C51F8A021EB74C90015FC0C = {
						CreatedOnToolsVersion = 10.0;
					};
				};
			};
			buildConfigurationList = 8C51F89C21EB74C90015FC0C /* Build configuration list for PBXProject "weibo" */;
			compatibilityVersion = "Xcode 9.3";
			developmentRegion = en;
			hasScannedForEncodings = 0;
			knownRegions = (
				en,
				Base,
			);
			mainGroup = 8C51F89821EB74C90015FC0C;
			productRefGroup = 8C51F8A221EB74CA0015FC0C /* Products */;
			projectDirPath = "";
			projectRoot = "";
			targets = (
				8C51F8A021EB74C90015FC0C /* weibo */,
			);
		};
/* End PBXProject section */

/* Begin PBXResourcesBuildPhase section */
		8C51F89F21EB74C90015FC0C /* Resources */ = {
			isa = PBXResourcesBuildPhase;
			buildActionMask = 2147483647;
			files = (
				8C51F8AC21EB74CB0015FC0C /* Assets.xcassets in Resources */,
				8C5754E321F9C81E00938F1B /* test.xib in Resources */,
			);
			runOnlyForDeploymentPostprocessing = 0;
		};
/* End PBXResourcesBuildPhase section */

/* Begin PBXShellScriptBuildPhase section */
		4BB515112EF12C3428A3B4CF /* [CP] Check Pods Manifest.lock */ = {
			isa = PBXShellScriptBuildPhase;
			buildActionMask = 2147483647;
			files = (
			);
			inputPaths = (
				"${PODS_PODFILE_DIR_PATH}/Podfile.lock",
				"${PODS_ROOT}/Manifest.lock",
			);
			name = "[CP] Check Pods Manifest.lock";
			outputPaths = (
				"$(DERIVED_FILE_DIR)/Pods-weibo-checkManifestLockResult.txt",
			);
			runOnlyForDeploymentPostprocessing = 0;
			shellPath = /bin/sh;
			shellScript = "diff \"${PODS_PODFILE_DIR_PATH}/Podfile.lock\" \"${PODS_ROOT}/Manifest.lock\" > /dev/null\nif [ $? != 0 ] ; then\n    # print error to STDERR\n    echo \"error: The sandbox is not in sync with the Podfile.lock. Run 'pod install' or update your CocoaPods installation.\" >&2\n    exit 1\nfi\n# This output is used by Xcode 'outputs' to avoid re-running this script phase.\necho \"SUCCESS\" > \"${SCRIPT_OUTPUT_FILE_0}\"\n";
			showEnvVarsInLog = 0;
		};
		F913BBAC36B021DA86FA12B6 /* [CP] Embed Pods Frameworks */ = {
			isa = PBXShellScriptBuildPhase;
			buildActionMask = 2147483647;
			files = (
			);
			inputPaths = (
				"${PODS_ROOT}/Target Support Files/Pods-weibo/Pods-weibo-frameworks.sh",
				"${BUILT_PRODUCTS_DIR}/AFNetworking/AFNetworking.framework",
				"${BUILT_PRODUCTS_DIR}/FBRetainCycleDetector/FBRetainCycleDetector.framework",
				"${BUILT_PRODUCTS_DIR}/MJExtension/MJExtension.framework",
				"${BUILT_PRODUCTS_DIR}/MJRefresh/MJRefresh.framework",
				"${BUILT_PRODUCTS_DIR}/MLeaksFinder/MLeaksFinder.framework",
				"${BUILT_PRODUCTS_DIR}/SDWebImage/SDWebImage.framework",
				"${BUILT_PRODUCTS_DIR}/SVProgressHUD/SVProgressHUD.framework",
				"${BUILT_PRODUCTS_DIR}/SnapKit/SnapKit.framework",
				"${BUILT_PRODUCTS_DIR}/pop/pop.framework",
			);
			name = "[CP] Embed Pods Frameworks";
			outputPaths = (
				"${TARGET_BUILD_DIR}/${FRAMEWORKS_FOLDER_PATH}/AFNetworking.framework",
				"${TARGET_BUILD_DIR}/${FRAMEWORKS_FOLDER_PATH}/FBRetainCycleDetector.framework",
				"${TARGET_BUILD_DIR}/${FRAMEWORKS_FOLDER_PATH}/MJExtension.framework",
				"${TARGET_BUILD_DIR}/${FRAMEWORKS_FOLDER_PATH}/MJRefresh.framework",
				"${TARGET_BUILD_DIR}/${FRAMEWORKS_FOLDER_PATH}/MLeaksFinder.framework",
				"${TARGET_BUILD_DIR}/${FRAMEWORKS_FOLDER_PATH}/SDWebImage.framework",
				"${TARGET_BUILD_DIR}/${FRAMEWORKS_FOLDER_PATH}/SVProgressHUD.framework",
				"${TARGET_BUILD_DIR}/${FRAMEWORKS_FOLDER_PATH}/SnapKit.framework",
				"${TARGET_BUILD_DIR}/${FRAMEWORKS_FOLDER_PATH}/pop.framework",
			);
			runOnlyForDeploymentPostprocessing = 0;
			shellPath = /bin/sh;
			shellScript = "\"${PODS_ROOT}/Target Support Files/Pods-weibo/Pods-weibo-frameworks.sh\"\n";
			showEnvVarsInLog = 0;
		};
/* End PBXShellScriptBuildPhase section */

/* Begin PBXSourcesBuildPhase section */
		8C51F89D21EB74C90015FC0C /* Sources */ = {
			isa = PBXSourcesBuildPhase;
			buildActionMask = 2147483647;
			files = (
				8C46F44021EDC1460071281F /* XGNavigationController.swift in Sources */,
				8C32A9D52202F4CA008A1ECE /* Bundle+Extension.swift in Sources */,
				8CA6E6972204008C00A29513 /* XGEmotionModel.swift in Sources */,
				8CC26CA721EF712800A9E074 /* UIImage+Extension.swift in Sources */,
				8C32A9CF2202AFD3008A1ECE /* XGComposeTypeView.swift in Sources */,
				8CA6E699220402F900A29513 /* XGEmotionsListViewModel.swift in Sources */,
				8C6FA4DA21F843C000D3DD4F /* UIImageView+Extension.swift in Sources */,
				8C14346421FB3C50007ED7E9 /* XGNormalStatusTableViewCell.swift in Sources */,
				8CFAE97D21FEBA6C00FAA2A1 /* XGStatusListViewModel.swift in Sources */,
				8C5754E121F9C1D800938F1B /* UIColor+Extension.swift in Sources */,
				8C14346C21FB56A0007ED7E9 /* XGUserModel.swift in Sources */,
				8CD8486F21FD8BEC00EC027E /* XGStatusTableViewCell.swift in Sources */,
				8C9686E321FC11EF005E7289 /* XGStatusBottomView.swift in Sources */,
				8C32A9D722032248008A1ECE /* XGComposeViewController.swift in Sources */,
				8C3DB17621F58516007590CF /* XGStatusModel.swift in Sources */,
				8C11BF6E21EC428100F2E958 /* XGTabBarController.swift in Sources */,
				8C14346721FB3C95007ED7E9 /* XGStatusTopView.swift in Sources */,
				8C9686F821FC26E2005E7289 /* XGStatusPicturesView.swift in Sources */,
				8C32A9D12202B5F4008A1ECE /* XGComposeTypeViewToolBar.swift in Sources */,
				8CCAB9DB21F3372900A7FC70 /* XGAdvertisementViewModel.swift in Sources */,
				8C14346221FB39EF007ED7E9 /* XGPictureModel.swift in Sources */,
				8CF43FBF21EC91F10008B868 /* UIView+Extension.swift in Sources */,
				8CA6E69D2204111B00A29513 /* XGEmotionGroupModel.swift in Sources */,
				8CCAB9D221F3194200A7FC70 /* XGDataManager.swift in Sources */,
				8C11BF8021EC4E7700F2E958 /* XGHomeTableViewController.swift in Sources */,
				8C9BEF3C21F2247300390BB0 /* XGNetworkManager.swift in Sources */,
				8C14346A21FB459A007ED7E9 /* XGStatusViewModel.swift in Sources */,
				8C51F8A521EB74CA0015FC0C /* AppDelegate.swift in Sources */,
				8C8E832621F4A6F7004F5CD8 /* XGAccountViewModel.swift in Sources */,
				8C8E832221F45F5D004F5CD8 /* XGAccountModel.swift in Sources */,
				8CCAB9D821F31BE700A7FC70 /* XGAdvertisementModel.swift in Sources */,
				8CD8487221FD8FCB00EC027E /* XGRetweetStatusTableViewCell.swift in Sources */,
				8CF43FC421EC9ECE0008B868 /* Common.swift in Sources */,
				8C11BF7721EC4DA200F2E958 /* XGMineTableViewController.swift in Sources */,
				8C6FA4D821F8407400D3DD4F /* XGWelcomeViewController.swift in Sources */,
				8CC26CA121EF65AA00A9E074 /* XGVisitorViewController.swift in Sources */,
				8C8E832921F4B9ED004F5CD8 /* XGNewFeatureViewController.swift in Sources */,
				8CC26CA321EF65C000A9E074 /* XGVisitorView.swift in Sources */,
				8CA1B7CD2201707B008BFAB1 /* XGRefreshHeader.swift in Sources */,
				8CF43FC121EC96A10008B868 /* UIButton+Extension.swift in Sources */,
				8C11BF7D21EC4E6B00F2E958 /* XGMessageTableViewController.swift in Sources */,
				8CCAB9CD21F3134300A7FC70 /* XGLoginViewController.swift in Sources */,
				8CC26CA521EF669000A9E074 /* UILabel+Extension.swift in Sources */,
				8C32A9D32202E763008A1ECE /* XGComposeTypeButton.swift in Sources */,
				8CCAB9D021F3191900A7FC70 /* XGAdvertisementViewController.swift in Sources */,
				8C11BF7A21EC4E6100F2E958 /* XGDiscoverTableViewController.swift in Sources */,
			);
			runOnlyForDeploymentPostprocessing = 0;
		};
/* End PBXSourcesBuildPhase section */

/* Begin XCBuildConfiguration section */
		8C51F8B121EB74CB0015FC0C /* Debug */ = {
			isa = XCBuildConfiguration;
			buildSettings = {
				ALWAYS_SEARCH_USER_PATHS = NO;
				CLANG_ANALYZER_NONNULL = YES;
				CLANG_ANALYZER_NUMBER_OBJECT_CONVERSION = YES_AGGRESSIVE;
				CLANG_CXX_LANGUAGE_STANDARD = "gnu++14";
				CLANG_CXX_LIBRARY = "libc++";
				CLANG_ENABLE_MODULES = YES;
				CLANG_ENABLE_OBJC_ARC = YES;
				CLANG_ENABLE_OBJC_WEAK = YES;
				CLANG_WARN_BLOCK_CAPTURE_AUTORELEASING = YES;
				CLANG_WARN_BOOL_CONVERSION = YES;
				CLANG_WARN_COMMA = YES;
				CLANG_WARN_CONSTANT_CONVERSION = YES;
				CLANG_WARN_DEPRECATED_OBJC_IMPLEMENTATIONS = YES;
				CLANG_WARN_DIRECT_OBJC_ISA_USAGE = YES_ERROR;
				CLANG_WARN_DOCUMENTATION_COMMENTS = YES;
				CLANG_WARN_EMPTY_BODY = YES;
				CLANG_WARN_ENUM_CONVERSION = YES;
				CLANG_WARN_INFINITE_RECURSION = YES;
				CLANG_WARN_INT_CONVERSION = YES;
				CLANG_WARN_NON_LITERAL_NULL_CONVERSION = YES;
				CLANG_WARN_OBJC_IMPLICIT_RETAIN_SELF = YES;
				CLANG_WARN_OBJC_LITERAL_CONVERSION = YES;
				CLANG_WARN_OBJC_ROOT_CLASS = YES_ERROR;
				CLANG_WARN_RANGE_LOOP_ANALYSIS = YES;
				CLANG_WARN_STRICT_PROTOTYPES = YES;
				CLANG_WARN_SUSPICIOUS_MOVE = YES;
				CLANG_WARN_UNGUARDED_AVAILABILITY = YES_AGGRESSIVE;
				CLANG_WARN_UNREACHABLE_CODE = YES;
				CLANG_WARN__DUPLICATE_METHOD_MATCH = YES;
				CODE_SIGN_IDENTITY = "iPhone Developer";
				COPY_PHASE_STRIP = NO;
				DEBUG_INFORMATION_FORMAT = dwarf;
				ENABLE_STRICT_OBJC_MSGSEND = YES;
				ENABLE_TESTABILITY = YES;
				GCC_C_LANGUAGE_STANDARD = gnu11;
				GCC_DYNAMIC_NO_PIC = NO;
				GCC_NO_COMMON_BLOCKS = YES;
				GCC_OPTIMIZATION_LEVEL = 0;
				GCC_PREPROCESSOR_DEFINITIONS = (
					"DEBUG=1",
					"$(inherited)",
				);
				GCC_WARN_64_TO_32_BIT_CONVERSION = YES;
				GCC_WARN_ABOUT_RETURN_TYPE = YES_ERROR;
				GCC_WARN_UNDECLARED_SELECTOR = YES;
				GCC_WARN_UNINITIALIZED_AUTOS = YES_AGGRESSIVE;
				GCC_WARN_UNUSED_FUNCTION = YES;
				GCC_WARN_UNUSED_VARIABLE = YES;
				IPHONEOS_DEPLOYMENT_TARGET = 12.0;
				MTL_ENABLE_DEBUG_INFO = INCLUDE_SOURCE;
				MTL_FAST_MATH = YES;
				ONLY_ACTIVE_ARCH = YES;
				SDKROOT = iphoneos;
				SWIFT_ACTIVE_COMPILATION_CONDITIONS = DEBUG;
				SWIFT_OPTIMIZATION_LEVEL = "-Onone";
			};
			name = Debug;
		};
		8C51F8B221EB74CB0015FC0C /* Release */ = {
			isa = XCBuildConfiguration;
			buildSettings = {
				ALWAYS_SEARCH_USER_PATHS = NO;
				CLANG_ANALYZER_NONNULL = YES;
				CLANG_ANALYZER_NUMBER_OBJECT_CONVERSION = YES_AGGRESSIVE;
				CLANG_CXX_LANGUAGE_STANDARD = "gnu++14";
				CLANG_CXX_LIBRARY = "libc++";
				CLANG_ENABLE_MODULES = YES;
				CLANG_ENABLE_OBJC_ARC = YES;
				CLANG_ENABLE_OBJC_WEAK = YES;
				CLANG_WARN_BLOCK_CAPTURE_AUTORELEASING = YES;
				CLANG_WARN_BOOL_CONVERSION = YES;
				CLANG_WARN_COMMA = YES;
				CLANG_WARN_CONSTANT_CONVERSION = YES;
				CLANG_WARN_DEPRECATED_OBJC_IMPLEMENTATIONS = YES;
				CLANG_WARN_DIRECT_OBJC_ISA_USAGE = YES_ERROR;
				CLANG_WARN_DOCUMENTATION_COMMENTS = YES;
				CLANG_WARN_EMPTY_BODY = YES;
				CLANG_WARN_ENUM_CONVERSION = YES;
				CLANG_WARN_INFINITE_RECURSION = YES;
				CLANG_WARN_INT_CONVERSION = YES;
				CLANG_WARN_NON_LITERAL_NULL_CONVERSION = YES;
				CLANG_WARN_OBJC_IMPLICIT_RETAIN_SELF = YES;
				CLANG_WARN_OBJC_LITERAL_CONVERSION = YES;
				CLANG_WARN_OBJC_ROOT_CLASS = YES_ERROR;
				CLANG_WARN_RANGE_LOOP_ANALYSIS = YES;
				CLANG_WARN_STRICT_PROTOTYPES = YES;
				CLANG_WARN_SUSPICIOUS_MOVE = YES;
				CLANG_WARN_UNGUARDED_AVAILABILITY = YES_AGGRESSIVE;
				CLANG_WARN_UNREACHABLE_CODE = YES;
				CLANG_WARN__DUPLICATE_METHOD_MATCH = YES;
				CODE_SIGN_IDENTITY = "iPhone Developer";
				COPY_PHASE_STRIP = NO;
				DEBUG_INFORMATION_FORMAT = "dwarf-with-dsym";
				ENABLE_NS_ASSERTIONS = NO;
				ENABLE_STRICT_OBJC_MSGSEND = YES;
				GCC_C_LANGUAGE_STANDARD = gnu11;
				GCC_NO_COMMON_BLOCKS = YES;
				GCC_WARN_64_TO_32_BIT_CONVERSION = YES;
				GCC_WARN_ABOUT_RETURN_TYPE = YES_ERROR;
				GCC_WARN_UNDECLARED_SELECTOR = YES;
				GCC_WARN_UNINITIALIZED_AUTOS = YES_AGGRESSIVE;
				GCC_WARN_UNUSED_FUNCTION = YES;
				GCC_WARN_UNUSED_VARIABLE = YES;
				IPHONEOS_DEPLOYMENT_TARGET = 12.0;
				MTL_ENABLE_DEBUG_INFO = NO;
				MTL_FAST_MATH = YES;
				SDKROOT = iphoneos;
				SWIFT_COMPILATION_MODE = wholemodule;
				SWIFT_OPTIMIZATION_LEVEL = "-O";
				VALIDATE_PRODUCT = YES;
			};
			name = Release;
		};
		8C51F8B421EB74CB0015FC0C /* Debug */ = {
			isa = XCBuildConfiguration;
			baseConfigurationReference = 69E3567696EA90B0465C6A0B /* Pods-weibo.debug.xcconfig */;
			buildSettings = {
				ASSETCATALOG_COMPILER_APPICON_NAME = AppIcon;
				ASSETCATALOG_COMPILER_LAUNCHIMAGE_NAME = LaunchImage;
				CODE_SIGN_STYLE = Automatic;
				DEVELOPMENT_TEAM = "";
				INFOPLIST_FILE = "weibo/Supporting Files/Info.plist";
				IPHONEOS_DEPLOYMENT_TARGET = 11.0;
				LD_RUNPATH_SEARCH_PATHS = (
					"$(inherited)",
					"@executable_path/Frameworks",
				);
				OTHER_SWIFT_FLAGS = "$(inherited) \"-D\" \"COCOAPODS\" -D DEBUG";
				PRODUCT_BUNDLE_IDENTIFIER = com.itcast.heima.woaiweibo;
				PRODUCT_NAME = "$(TARGET_NAME)";
				SWIFT_VERSION = 4.2;
				TARGETED_DEVICE_FAMILY = 1;
			};
			name = Debug;
		};
		8C51F8B521EB74CB0015FC0C /* Release */ = {
			isa = XCBuildConfiguration;
			baseConfigurationReference = BAFD46C9B95B61530AFD5263 /* Pods-weibo.release.xcconfig */;
			buildSettings = {
				ASSETCATALOG_COMPILER_APPICON_NAME = AppIcon;
				ASSETCATALOG_COMPILER_LAUNCHIMAGE_NAME = LaunchImage;
				CODE_SIGN_STYLE = Automatic;
				DEVELOPMENT_TEAM = "";
				INFOPLIST_FILE = "weibo/Supporting Files/Info.plist";
				IPHONEOS_DEPLOYMENT_TARGET = 11.0;
				LD_RUNPATH_SEARCH_PATHS = (
					"$(inherited)",
					"@executable_path/Frameworks",
				);
				OTHER_SWIFT_FLAGS = "$(inherited) \"-D\" \"COCOAPODS\"";
				PRODUCT_BUNDLE_IDENTIFIER = com.itcast.heima.woaiweibo;
				PRODUCT_NAME = "$(TARGET_NAME)";
				SWIFT_VERSION = 4.2;
				TARGETED_DEVICE_FAMILY = 1;
			};
			name = Release;
		};
/* End XCBuildConfiguration section */

/* Begin XCConfigurationList section */
		8C51F89C21EB74C90015FC0C /* Build configuration list for PBXProject "weibo" */ = {
			isa = XCConfigurationList;
			buildConfigurations = (
				8C51F8B121EB74CB0015FC0C /* Debug */,
				8C51F8B221EB74CB0015FC0C /* Release */,
			);
			defaultConfigurationIsVisible = 0;
			defaultConfigurationName = Release;
		};
		8C51F8B321EB74CB0015FC0C /* Build configuration list for PBXNativeTarget "weibo" */ = {
			isa = XCConfigurationList;
			buildConfigurations = (
				8C51F8B421EB74CB0015FC0C /* Debug */,
				8C51F8B521EB74CB0015FC0C /* Release */,
			);
			defaultConfigurationIsVisible = 0;
			defaultConfigurationName = Release;
		};
/* End XCConfigurationList section */
	};
	rootObject = 8C51F89921EB74C90015FC0C /* Project object */;
}
